
Microsoft Visual Studio Solution File, Format Version 12.00
# Visual Studio 15
VisualStudioVersion = 15.0.28307.960
MinimumVisualStudioVersion = 10.0.40219.1
Project("{FAE04EC0-301F-11D3-BF4B-00C04F79EFBC}") = "Projet", "Projet\Projet.csproj", "{2AA02627-45F6-4B0A-9EBF-AC3E56E86A55}"
EndProject
Global
	GlobalSection(SolutionConfigurationPlatforms) = preSolution
		Debug|Any CPU = Debug|Any CPU
		Release|Any CPU = Release|Any CPU
	EndGlobalSection
	GlobalSection(ProjectConfigurationPlatforms) = postSolution
		{2AA02627-45F6-4B0A-9EBF-AC3E56E86A55}.Debug|Any CPU.ActiveCfg = Debug|Any CPU
		{2AA02627-45F6-4B0A-9EBF-AC3E56E86A55}.Debug|Any CPU.Build.0 = Debug|Any CPU
		{2AA02627-45F6-4B0A-9EBF-AC3E56E86A55}.Release|Any CPU.ActiveCfg = Release|Any CPU
		{2AA02627-45F6-4B0A-9EBF-AC3E56E86A55}.Release|Any CPU.Build.0 = Release|Any CPU
	EndGlobalSection
	GlobalSection(SolutionProperties) = preSolution
		HideSolutionNode = FALSE
	EndGlobalSection
	GlobalSection(ExtensibilityGlobals) = postSolution
		SolutionGuid = {34155F9F-58FD-4EA8-92C7-42C69BDFDDC2}
	EndGlobalSection
EndGlobal
